
Microsoft Visual Studio Solution File, Format Version 12.00
# Visual Studio Version 16
VisualStudioVersion = 16.0.32630.194
MinimumVisualStudioVersion = 10.0.40219.1
Project("{FAE04EC0-301F-11D3-BF4B-00C04F79EFBC}") = "WTCS", "WTCS\WTCS.csproj", "{B5082509-4838-4550-81C7-B94D147EDDD8}"
EndProject
Global
	GlobalSection(SolutionConfigurationPlatforms) = preSolution
		Debug|Any CPU = Debug|Any CPU
		Release|Any CPU = Release|Any CPU
	EndGlobalSection
	GlobalSection(ProjectConfigurationPlatforms) = postSolution
		{B5082509-4838-4550-81C7-B94D147EDDD8}.Debug|Any CPU.ActiveCfg = Debug|Any CPU
		{B5082509-4838-4550-81C7-B94D147EDDD8}.Debug|Any CPU.Build.0 = Debug|Any CPU
		{B5082509-4838-4550-81C7-B94D147EDDD8}.Release|Any CPU.ActiveCfg = Release|Any CPU
		{B5082509-4838-4550-81C7-B94D147EDDD8}.Release|Any CPU.Build.0 = Release|Any CPU
	EndGlobalSection
	GlobalSection(SolutionProperties) = preSolution
		HideSolutionNode = FALSE
	EndGlobalSection
	GlobalSection(ExtensibilityGlobals) = postSolution
		SolutionGuid = {065B2631-49C7-4D67-8C14-79D6787E6138}
	EndGlobalSection
EndGlobal
